{
  "originHash" : "99d2fc86b013987302550cc68dafee38b801109bd3120072fc321bf082dd7d2c",
  "pins" : [
    {
      "identity" : "keyboardshortcuts",
      "kind" : "remoteSourceControl",
      "location" : "https://github.com/sindresorhus/KeyboardShortcuts",
      "state" : {
        "revision" : "70caa8dea43e2d273cd5ab78885d7eff01df550c",
        "version" : "1.10.0"
      }
    }
  ],
  "version" : 3
}
