// !$*UTF8*$!
{
	archiveVersion = 1;
	classes = {
	};
	objectVersion = 77;
	objects = {

/* Begin PBXBuildFile section */
		00CEEAF1D4209EDCA5D4DB07 /* scribble.wav in Resources */ = {isa = PBXBuildFile; fileRef = CB7E2BD16B84F461552B37B3 /* scribble.wav */; };
		03EBE1A844DF22D16DF40F78 /* SignalQuote.swift in Sources */ = {isa = PBXBuildFile; fileRef = 008557C7E0D6B65492385BAC /* SignalQuote.swift */; };
		0546BC32AA8E72C7F0895F3C /* pencil.wav in Resources */ = {isa = PBXBuildFile; fileRef = B1389E0ACDE4C1E41AE3799A /* pencil.wav */; };
		08F36652507A4AB93CE0FF1B /* SignalServices.swift in Sources */ = {isa = PBXBuildFile; fileRef = 703A620C14130D54DCE2B2A9 /* SignalServices.swift */; };
		1AF44987ABA75D46DCB18913 /* pop.wav in Resources */ = {isa = PBXBuildFile; fileRef = 4C4F741DBD56F9C4C17A0174 /* pop.wav */; };
		30D307A0EDEFB9362A2137C3 /* bubble.wav in Resources */ = {isa = PBXBuildFile; fileRef = B56A8D7FF5758A4206738001 /* bubble.wav */; };
		327C60E247DE7912CB4A84CD /* TelemetryDeck in Frameworks */ = {isa = PBXBuildFile; productRef = 7485CC3CC5D37982A205C704 /* TelemetryDeck */; };
		32836E195FDFA7ED8AEB517D /* KeyboardShortcuts in Frameworks */ = {isa = PBXBuildFile; productRef = 307A5F65741E0033246A3B2A /* KeyboardShortcuts */; };
		37A76BD59AAE8DF9B946641B /* OnboardingView.swift in Sources */ = {isa = PBXBuildFile; fileRef = ECD1AE2C032080FBD21F3FD8 /* OnboardingView.swift */; };
		3824FED4BA0E410A23AB96D4 /* NotchController.swift in Sources */ = {isa = PBXBuildFile; fileRef = 4E7748712533E7651295201A /* NotchController.swift */; };
		38549BBAA9843F968099473A /* SettingsStore.swift in Sources */ = {isa = PBXBuildFile; fileRef = 8C8D74719DA574C846852019 /* SettingsStore.swift */; };
		3BDBBB7DA4E54534E0CF1E6C /* DynamicNotchKit in Frameworks */ = {isa = PBXBuildFile; productRef = 525E24A23AC8A26E90F43271 /* DynamicNotchKit */; };
		3ECF97CFDB2BF7587829A391 /* KeyboardShortcuts+Names.swift in Sources */ = {isa = PBXBuildFile; fileRef = F9443DF09CA185DC6771DD87 /* KeyboardShortcuts+Names.swift */; };
		6CD7359B6468D893D57D63D8 /* SignalNotchView.swift in Sources */ = {isa = PBXBuildFile; fileRef = 1B6F1806BB0E509980D60F2F /* SignalNotchView.swift */; };
		727A2D12D5D0E2E4BEBA8831 /* TodoItem.swift in Sources */ = {isa = PBXBuildFile; fileRef = DD2A50DE2EEC439D6ED30078 /* TodoItem.swift */; };
		7DB9713BA5A60F03AA1709BD /* Analytics.swift in Sources */ = {isa = PBXBuildFile; fileRef = 462ED15C9D00B34967E04C53 /* Analytics.swift */; };
		7FAF10A54C6C081CFFA1A256 /* SignalApp.swift in Sources */ = {isa = PBXBuildFile; fileRef = C453E4D521FCA575CE77C9A3 /* SignalApp.swift */; };
		83939F1D30F9B1A18AE76D65 /* PreferencesView.swift in Sources */ = {isa = PBXBuildFile; fileRef = D6D167E0E17A1CBA37D880B5 /* PreferencesView.swift */; };
		8E64B68854B57CF40038C07D /* SoundPlayer.swift in Sources */ = {isa = PBXBuildFile; fileRef = 73845020201BE00A671F84BC /* SoundPlayer.swift */; };
		903BA73065746F8059593306 /* Scheduler.swift in Sources */ = {isa = PBXBuildFile; fileRef = 88B94E448EA5FDD667DF3D0F /* Scheduler.swift */; };
		A6188962D97B6430646F8BA6 /* AppDelegate.swift in Sources */ = {isa = PBXBuildFile; fileRef = 2A46B2522F6C5BA2257681E8 /* AppDelegate.swift */; };
		AA8F91BCB15AC076FD9DB118 /* tube.wav in Resources */ = {isa = PBXBuildFile; fileRef = AD40B91BE6D69CE63BBF11CC /* tube.wav */; };
		AAC4775787D9967B61E97ACF /* OnboardingWindowController.swift in Sources */ = {isa = PBXBuildFile; fileRef = 506E631B936A49D6A9A3A268 /* OnboardingWindowController.swift */; };
		CE553EB8083A21CA1703D7C4 /* SignalStore.swift in Sources */ = {isa = PBXBuildFile; fileRef = E7076C59B414FF7A85B8CAC7 /* SignalStore.swift */; };
		D2A1AFA994151C1717B011F5 /* meadow.wav in Resources */ = {isa = PBXBuildFile; fileRef = 85754D73DEB6E570698C3CD6 /* meadow.wav */; };
		F8DFD434CDC38016A6103665 /* DayLog.swift in Sources */ = {isa = PBXBuildFile; fileRef = 146D2AB23F5E793F6008D409 /* DayLog.swift */; };
		FE6969C474390CFCC52DEFDF /* AppIcon.icon in Resources */ = {isa = PBXBuildFile; fileRef = CABDE5D429850284CDE2585B /* AppIcon.icon */; };
/* End PBXBuildFile section */

/* Begin PBXFileReference section */
		008557C7E0D6B65492385BAC /* SignalQuote.swift */ = {isa = PBXFileReference; lastKnownFileType = sourcecode.swift; path = SignalQuote.swift; sourceTree = "<group>"; };
		146D2AB23F5E793F6008D409 /* DayLog.swift */ = {isa = PBXFileReference; lastKnownFileType = sourcecode.swift; path = DayLog.swift; sourceTree = "<group>"; };
		1B6F1806BB0E509980D60F2F /* SignalNotchView.swift */ = {isa = PBXFileReference; lastKnownFileType = sourcecode.swift; path = SignalNotchView.swift; sourceTree = "<group>"; };
		2A46B2522F6C5BA2257681E8 /* AppDelegate.swift */ = {isa = PBXFileReference; lastKnownFileType = sourcecode.swift; path = AppDelegate.swift; sourceTree = "<group>"; };
		462ED15C9D00B34967E04C53 /* Analytics.swift */ = {isa = PBXFileReference; lastKnownFileType = sourcecode.swift; path = Analytics.swift; sourceTree = "<group>"; };
		4C4F741DBD56F9C4C17A0174 /* pop.wav */ = {isa = PBXFileReference; lastKnownFileType = audio.wav; path = pop.wav; sourceTree = "<group>"; };
		4E7748712533E7651295201A /* NotchController.swift */ = {isa = PBXFileReference; lastKnownFileType = sourcecode.swift; path = NotchController.swift; sourceTree = "<group>"; };
		506E631B936A49D6A9A3A268 /* OnboardingWindowController.swift */ = {isa = PBXFileReference; lastKnownFileType = sourcecode.swift; path = OnboardingWindowController.swift; sourceTree = "<group>"; };
		62DCF92EBA015AEB3F97C53D /* Info.plist */ = {isa = PBXFileReference; lastKnownFileType = text.plist; path = Info.plist; sourceTree = "<group>"; };
		703A620C14130D54DCE2B2A9 /* SignalServices.swift */ = {isa = PBXFileReference; lastKnownFileType = sourcecode.swift; path = SignalServices.swift; sourceTree = "<group>"; };
		73845020201BE00A671F84BC /* SoundPlayer.swift */ = {isa = PBXFileReference; lastKnownFileType = sourcecode.swift; path = SoundPlayer.swift; sourceTree = "<group>"; };
		7D3A2BED6ACE7FE9C1BED51E /* Build.xcconfig */ = {isa = PBXFileReference; lastKnownFileType = text.xcconfig; path = Build.xcconfig; sourceTree = "<group>"; };
		85754D73DEB6E570698C3CD6 /* meadow.wav */ = {isa = PBXFileReference; lastKnownFileType = audio.wav; path = meadow.wav; sourceTree = "<group>"; };
		88B94E448EA5FDD667DF3D0F /* Scheduler.swift */ = {isa = PBXFileReference; lastKnownFileType = sourcecode.swift; path = Scheduler.swift; sourceTree = "<group>"; };
		8C8D74719DA574C846852019 /* SettingsStore.swift */ = {isa = PBXFileReference; lastKnownFileType = sourcecode.swift; path = SettingsStore.swift; sourceTree = "<group>"; };
		9D5999FF8532367E6DBD5F60 /* Signal.app */ = {isa = PBXFileReference; explicitFileType = wrapper.application; includeInIndex = 0; path = Signal.app; sourceTree = BUILT_PRODUCTS_DIR; };
		AD40B91BE6D69CE63BBF11CC /* tube.wav */ = {isa = PBXFileReference; lastKnownFileType = audio.wav; path = tube.wav; sourceTree = "<group>"; };
		B1389E0ACDE4C1E41AE3799A /* pencil.wav */ = {isa = PBXFileReference; lastKnownFileType = audio.wav; path = pencil.wav; sourceTree = "<group>"; };
		B56A8D7FF5758A4206738001 /* bubble.wav */ = {isa = PBXFileReference; lastKnownFileType = audio.wav; path = bubble.wav; sourceTree = "<group>"; };
		B6350E3A747785646888F518 /* Signal.entitlements */ = {isa = PBXFileReference; lastKnownFileType = text.plist.entitlements; path = Signal.entitlements; sourceTree = "<group>"; };
		C453E4D521FCA575CE77C9A3 /* SignalApp.swift */ = {isa = PBXFileReference; lastKnownFileType = sourcecode.swift; path = SignalApp.swift; sourceTree = "<group>"; };
		CABDE5D429850284CDE2585B /* AppIcon.icon */ = {isa = PBXFileReference; lastKnownFileType = wrapper.icon; path = AppIcon.icon; sourceTree = "<group>"; };
		CB7E2BD16B84F461552B37B3 /* scribble.wav */ = {isa = PBXFileReference; lastKnownFileType = audio.wav; path = scribble.wav; sourceTree = "<group>"; };
		D6D167E0E17A1CBA37D880B5 /* PreferencesView.swift */ = {isa = PBXFileReference; lastKnownFileType = sourcecode.swift; path = PreferencesView.swift; sourceTree = "<group>"; };
		DD2A50DE2EEC439D6ED30078 /* TodoItem.swift */ = {isa = PBXFileReference; lastKnownFileType = sourcecode.swift; path = TodoItem.swift; sourceTree = "<group>"; };
		E7076C59B414FF7A85B8CAC7 /* SignalStore.swift */ = {isa = PBXFileReference; lastKnownFileType = sourcecode.swift; path = SignalStore.swift; sourceTree = "<group>"; };
		ECD1AE2C032080FBD21F3FD8 /* OnboardingView.swift */ = {isa = PBXFileReference; lastKnownFileType = sourcecode.swift; path = OnboardingView.swift; sourceTree = "<group>"; };
		F9443DF09CA185DC6771DD87 /* KeyboardShortcuts+Names.swift */ = {isa = PBXFileReference; lastKnownFileType = sourcecode.swift; path = "KeyboardShortcuts+Names.swift"; sourceTree = "<group>"; };
		F97E8E46E48B621084C6EF16 /* DynamicNotchKit */ = {isa = PBXFileReference; lastKnownFileType = folder; name = DynamicNotchKit; path = LocalPackages/DynamicNotchKit; sourceTree = SOURCE_ROOT; };
/* End PBXFileReference section */

/* Begin PBXFrameworksBuildPhase section */
		A86FA74E50236106210B83D9 /* Frameworks */ = {
			isa = PBXFrameworksBuildPhase;
			buildActionMask = 2147483647;
			files = (
				3BDBBB7DA4E54534E0CF1E6C /* DynamicNotchKit in Frameworks */,
				32836E195FDFA7ED8AEB517D /* KeyboardShortcuts in Frameworks */,
				327C60E247DE7912CB4A84CD /* TelemetryDeck in Frameworks */,
			);
			runOnlyForDeploymentPostprocessing = 0;
		};
/* End PBXFrameworksBuildPhase section */

/* Begin PBXGroup section */
		05BD7D04AF635335285962B3 /* Shortcuts */ = {
			isa = PBXGroup;
			children = (
				F9443DF09CA185DC6771DD87 /* KeyboardShortcuts+Names.swift */,
			);
			path = Shortcuts;
			sourceTree = "<group>";
		};
		13DFB72E369D4207F5632672 /* Signal */ = {
			isa = PBXGroup;
			children = (
				3D5609545FFDAB3C2A3C325C /* Analytics */,
				CA3F084569DCD0789608C15B /* Models */,
				867189B68BE65A936D460481 /* Notch */,
				6EA9FAD8254895626FE70294 /* Onboarding */,
				A3582C226156511295D8A2F1 /* Preferences */,
				A8EDFD94A26555771D38335E /* Resources */,
				AE9CFCBD7D023D164FB3FE4D /* Schedule */,
				05BD7D04AF635335285962B3 /* Shortcuts */,
				FE804179A515C6BB6A7BAA33 /* Sound */,
				76C32D63C38B77706495484D /* Store */,
				2A46B2522F6C5BA2257681E8 /* AppDelegate.swift */,
				CABDE5D429850284CDE2585B /* AppIcon.icon */,
				62DCF92EBA015AEB3F97C53D /* Info.plist */,
				8C8D74719DA574C846852019 /* SettingsStore.swift */,
				B6350E3A747785646888F518 /* Signal.entitlements */,
				C453E4D521FCA575CE77C9A3 /* SignalApp.swift */,
				008557C7E0D6B65492385BAC /* SignalQuote.swift */,
				703A620C14130D54DCE2B2A9 /* SignalServices.swift */,
			);
			path = Signal;
			sourceTree = "<group>";
		};
		3AE451D3B747E973F7498CCC /* Config */ = {
			isa = PBXGroup;
			children = (
				7D3A2BED6ACE7FE9C1BED51E /* Build.xcconfig */,
			);
			path = Config;
			sourceTree = "<group>";
		};
		3C64479F2F2944ABEE1C8338 /* Sounds */ = {
			isa = PBXGroup;
			children = (
				B56A8D7FF5758A4206738001 /* bubble.wav */,
				85754D73DEB6E570698C3CD6 /* meadow.wav */,
				B1389E0ACDE4C1E41AE3799A /* pencil.wav */,
				4C4F741DBD56F9C4C17A0174 /* pop.wav */,
				CB7E2BD16B84F461552B37B3 /* scribble.wav */,
				AD40B91BE6D69CE63BBF11CC /* tube.wav */,
			);
			path = Sounds;
			sourceTree = "<group>";
		};
		3D5609545FFDAB3C2A3C325C /* Analytics */ = {
			isa = PBXGroup;
			children = (
				462ED15C9D00B34967E04C53 /* Analytics.swift */,
			);
			path = Analytics;
			sourceTree = "<group>";
		};
		6EA9FAD8254895626FE70294 /* Onboarding */ = {
			isa = PBXGroup;
			children = (
				ECD1AE2C032080FBD21F3FD8 /* OnboardingView.swift */,
				506E631B936A49D6A9A3A268 /* OnboardingWindowController.swift */,
			);
			path = Onboarding;
			sourceTree = "<group>";
		};
		76C32D63C38B77706495484D /* Store */ = {
			isa = PBXGroup;
			children = (
				E7076C59B414FF7A85B8CAC7 /* SignalStore.swift */,
			);
			path = Store;
			sourceTree = "<group>";
		};
		867189B68BE65A936D460481 /* Notch */ = {
			isa = PBXGroup;
			children = (
				4E7748712533E7651295201A /* NotchController.swift */,
				1B6F1806BB0E509980D60F2F /* SignalNotchView.swift */,
			);
			path = Notch;
			sourceTree = "<group>";
		};
		A3582C226156511295D8A2F1 /* Preferences */ = {
			isa = PBXGroup;
			children = (
				D6D167E0E17A1CBA37D880B5 /* PreferencesView.swift */,
			);
			path = Preferences;
			sourceTree = "<group>";
		};
		A8EDFD94A26555771D38335E /* Resources */ = {
			isa = PBXGroup;
			children = (
				3C64479F2F2944ABEE1C8338 /* Sounds */,
			);
			path = Resources;
			sourceTree = "<group>";
		};
		AE9CFCBD7D023D164FB3FE4D /* Schedule */ = {
			isa = PBXGroup;
			children = (
				88B94E448EA5FDD667DF3D0F /* Scheduler.swift */,
			);
			path = Schedule;
			sourceTree = "<group>";
		};
		CA3F084569DCD0789608C15B /* Models */ = {
			isa = PBXGroup;
			children = (
				146D2AB23F5E793F6008D409 /* DayLog.swift */,
				DD2A50DE2EEC439D6ED30078 /* TodoItem.swift */,
			);
			path = Models;
			sourceTree = "<group>";
		};
		D2A9230E27E9F4AC1910E6A2 /* Products */ = {
			isa = PBXGroup;
			children = (
				9D5999FF8532367E6DBD5F60 /* Signal.app */,
			);
			name = Products;
			sourceTree = "<group>";
		};
		F1834509B7DA2D7381659AD2 = {
			isa = PBXGroup;
			children = (
				3AE451D3B747E973F7498CCC /* Config */,
				FE02D1BD585FFC3B5EEF05CA /* Packages */,
				13DFB72E369D4207F5632672 /* Signal */,
				D2A9230E27E9F4AC1910E6A2 /* Products */,
			);
			sourceTree = "<group>";
		};
		FE02D1BD585FFC3B5EEF05CA /* Packages */ = {
			isa = PBXGroup;
			children = (
				F97E8E46E48B621084C6EF16 /* DynamicNotchKit */,
			);
			name = Packages;
			sourceTree = "<group>";
		};
		FE804179A515C6BB6A7BAA33 /* Sound */ = {
			isa = PBXGroup;
			children = (
				73845020201BE00A671F84BC /* SoundPlayer.swift */,
			);
			path = Sound;
			sourceTree = "<group>";
		};
/* End PBXGroup section */

/* Begin PBXNativeTarget section */
		AC6A4C5D9DE6F0E0B4A0E04E /* Signal */ = {
			isa = PBXNativeTarget;
			buildConfigurationList = D79D973A7FB99E3A44CF8227 /* Build configuration list for PBXNativeTarget "Signal" */;
			buildPhases = (
				CCA9DD53B157AF4FD18F1326 /* Sources */,
				D85CE5696E0E4563C56B9A9C /* Resources */,
				A86FA74E50236106210B83D9 /* Frameworks */,
			);
			buildRules = (
			);
			dependencies = (
			);
			name = Signal;
			packageProductDependencies = (
				525E24A23AC8A26E90F43271 /* DynamicNotchKit */,
				307A5F65741E0033246A3B2A /* KeyboardShortcuts */,
				7485CC3CC5D37982A205C704 /* TelemetryDeck */,
			);
			productName = Signal;
			productReference = 9D5999FF8532367E6DBD5F60 /* Signal.app */;
			productType = "com.apple.product-type.application";
		};
/* End PBXNativeTarget section */

/* Begin PBXProject section */
		5DCA908C16957564AA8C2B1A /* Project object */ = {
			isa = PBXProject;
			attributes = {
				BuildIndependentTargetsInParallel = YES;
				LastUpgradeCheck = 1430;
				TargetAttributes = {
					AC6A4C5D9DE6F0E0B4A0E04E = {
						ProvisioningStyle = Automatic;
					};
				};
			};
			buildConfigurationList = 4294BC7AC0BF0C21034A213E /* Build configuration list for PBXProject "Signal" */;
			developmentRegion = en;
			hasScannedForEncodings = 0;
			knownRegions = (
				Base,
				en,
			);
			mainGroup = F1834509B7DA2D7381659AD2;
			minimizedProjectReferenceProxies = 1;
			packageReferences = (
				6E02714E8FCBF0EF1283A71D /* XCRemoteSwiftPackageReference "KeyboardShortcuts" */,
				5088E218E817856B5D2EF0E6 /* XCRemoteSwiftPackageReference "SwiftSDK" */,
				892239A6A90385B8CB507CC9 /* XCLocalSwiftPackageReference "LocalPackages/DynamicNotchKit" */,
			);
			preferredProjectObjectVersion = 77;
			productRefGroup = D2A9230E27E9F4AC1910E6A2 /* Products */;
			projectDirPath = "";
			projectRoot = "";
			targets = (
				AC6A4C5D9DE6F0E0B4A0E04E /* Signal */,
			);
		};
/* End PBXProject section */

/* Begin PBXResourcesBuildPhase section */
		D85CE5696E0E4563C56B9A9C /* Resources */ = {
			isa = PBXResourcesBuildPhase;
			buildActionMask = 2147483647;
			files = (
				FE6969C474390CFCC52DEFDF /* AppIcon.icon in Resources */,
				30D307A0EDEFB9362A2137C3 /* bubble.wav in Resources */,
				D2A1AFA994151C1717B011F5 /* meadow.wav in Resources */,
				0546BC32AA8E72C7F0895F3C /* pencil.wav in Resources */,
				1AF44987ABA75D46DCB18913 /* pop.wav in Resources */,
				00CEEAF1D4209EDCA5D4DB07 /* scribble.wav in Resources */,
				AA8F91BCB15AC076FD9DB118 /* tube.wav in Resources */,
			);
			runOnlyForDeploymentPostprocessing = 0;
		};
/* End PBXResourcesBuildPhase section */

/* Begin PBXSourcesBuildPhase section */
		CCA9DD53B157AF4FD18F1326 /* Sources */ = {
			isa = PBXSourcesBuildPhase;
			buildActionMask = 2147483647;
			files = (
				7DB9713BA5A60F03AA1709BD /* Analytics.swift in Sources */,
				A6188962D97B6430646F8BA6 /* AppDelegate.swift in Sources */,
				F8DFD434CDC38016A6103665 /* DayLog.swift in Sources */,
				3ECF97CFDB2BF7587829A391 /* KeyboardShortcuts+Names.swift in Sources */,
				3824FED4BA0E410A23AB96D4 /* NotchController.swift in Sources */,
				37A76BD59AAE8DF9B946641B /* OnboardingView.swift in Sources */,
				AAC4775787D9967B61E97ACF /* OnboardingWindowController.swift in Sources */,
				83939F1D30F9B1A18AE76D65 /* PreferencesView.swift in Sources */,
				903BA73065746F8059593306 /* Scheduler.swift in Sources */,
				38549BBAA9843F968099473A /* SettingsStore.swift in Sources */,
				7FAF10A54C6C081CFFA1A256 /* SignalApp.swift in Sources */,
				6CD7359B6468D893D57D63D8 /* SignalNotchView.swift in Sources */,
				03EBE1A844DF22D16DF40F78 /* SignalQuote.swift in Sources */,
				08F36652507A4AB93CE0FF1B /* SignalServices.swift in Sources */,
				CE553EB8083A21CA1703D7C4 /* SignalStore.swift in Sources */,
				8E64B68854B57CF40038C07D /* SoundPlayer.swift in Sources */,
				727A2D12D5D0E2E4BEBA8831 /* TodoItem.swift in Sources */,
			);
			runOnlyForDeploymentPostprocessing = 0;
		};
/* End PBXSourcesBuildPhase section */

/* Begin XCBuildConfiguration section */
		2B3EDD5DC6EAA9B93F8C8376 /* Release */ = {
			isa = XCBuildConfiguration;
			baseConfigurationReference = 7D3A2BED6ACE7FE9C1BED51E /* Build.xcconfig */;
			buildSettings = {
				ASSETCATALOG_COMPILER_APPICON_NAME = AppIcon;
				CODE_SIGN_ENTITLEMENTS = Signal/Signal.entitlements;
				COMBINE_HIDPI_IMAGES = YES;
				ENABLE_HARDENED_RUNTIME = YES;
				GENERATE_INFOPLIST_FILE = YES;
				INFOPLIST_FILE = Signal/Info.plist;
				INFOPLIST_KEY_CFBundleDisplayName = Signal;
				INFOPLIST_KEY_ITSAppUsesNonExemptEncryption = NO;
				INFOPLIST_KEY_LSApplicationCategoryType = "public.app-category.productivity";
				INFOPLIST_KEY_LSUIElement = YES;
				INFOPLIST_KEY_NSHumanReadableCopyright = "";
				LD_RUNPATH_SEARCH_PATHS = (
					"$(inherited)",
					"@executable_path/../Frameworks",
				);
				PRODUCT_BUNDLE_IDENTIFIER = ski.brezin.signal;
				PRODUCT_NAME = Signal;
				SDKROOT = macosx;
			};
			name = Release;
		};
		88E2E85CDDDA799F6B0B07E8 /* Release */ = {
			isa = XCBuildConfiguration;
			buildSettings = {
				ALWAYS_SEARCH_USER_PATHS = NO;
				CLANG_ANALYZER_NONNULL = YES;
				CLANG_ANALYZER_NUMBER_OBJECT_CONVERSION = YES_AGGRESSIVE;
				CLANG_CXX_LANGUAGE_STANDARD = "gnu++14";
				CLANG_CXX_LIBRARY = "libc++";
				CLANG_ENABLE_MODULES = YES;
				CLANG_ENABLE_OBJC_ARC = YES;
				CLANG_ENABLE_OBJC_WEAK = YES;
				CLANG_WARN_BLOCK_CAPTURE_AUTORELEASING = YES;
				CLANG_WARN_BOOL_CONVERSION = YES;
				CLANG_WARN_COMMA = YES;
				CLANG_WARN_CONSTANT_CONVERSION = YES;
				CLANG_WARN_DEPRECATED_OBJC_IMPLEMENTATIONS = YES;
				CLANG_WARN_DIRECT_OBJC_ISA_USAGE = YES_ERROR;
				CLANG_WARN_DOCUMENTATION_COMMENTS = YES;
				CLANG_WARN_EMPTY_BODY = YES;
				CLANG_WARN_ENUM_CONVERSION = YES;
				CLANG_WARN_INFINITE_RECURSION = YES;
				CLANG_WARN_INT_CONVERSION = YES;
				CLANG_WARN_NON_LITERAL_NULL_CONVERSION = YES;
				CLANG_WARN_OBJC_IMPLICIT_RETAIN_SELF = YES;
				CLANG_WARN_OBJC_LITERAL_CONVERSION = YES;
				CLANG_WARN_OBJC_ROOT_CLASS = YES_ERROR;
				CLANG_WARN_QUOTED_INCLUDE_IN_FRAMEWORK_HEADER = YES;
				CLANG_WARN_RANGE_LOOP_ANALYSIS = YES;
				CLANG_WARN_STRICT_PROTOTYPES = YES;
				CLANG_WARN_SUSPICIOUS_MOVE = YES;
				CLANG_WARN_UNGUARDED_AVAILABILITY = YES_AGGRESSIVE;
				CLANG_WARN_UNREACHABLE_CODE = YES;
				CLANG_WARN__DUPLICATE_METHOD_MATCH = YES;
				CODE_SIGN_STYLE = Automatic;
				COPY_PHASE_STRIP = NO;
				CURRENT_PROJECT_VERSION = 1;
				DEBUG_INFORMATION_FORMAT = "dwarf-with-dsym";
				ENABLE_NS_ASSERTIONS = NO;
				ENABLE_STRICT_OBJC_MSGSEND = YES;
				GCC_C_LANGUAGE_STANDARD = gnu11;
				GCC_NO_COMMON_BLOCKS = YES;
				GCC_WARN_64_TO_32_BIT_CONVERSION = YES;
				GCC_WARN_ABOUT_RETURN_TYPE = YES_ERROR;
				GCC_WARN_UNDECLARED_SELECTOR = YES;
				GCC_WARN_UNINITIALIZED_AUTOS = YES_AGGRESSIVE;
				GCC_WARN_UNUSED_FUNCTION = YES;
				GCC_WARN_UNUSED_VARIABLE = YES;
				MACOSX_DEPLOYMENT_TARGET = 14.0;
				MARKETING_VERSION = 1.0.0;
				MTL_ENABLE_DEBUG_INFO = NO;
				MTL_FAST_MATH = YES;
				PRODUCT_NAME = "$(TARGET_NAME)";
				SDKROOT = macosx;
				SWIFT_COMPILATION_MODE = wholemodule;
				SWIFT_OPTIMIZATION_LEVEL = "-O";
				SWIFT_VERSION = 5.0;
			};
			name = Release;
		};
		95A097D8573A7D7E9271C349 /* Debug */ = {
			isa = XCBuildConfiguration;
			buildSettings = {
				ALWAYS_SEARCH_USER_PATHS = NO;
				CLANG_ANALYZER_NONNULL = YES;
				CLANG_ANALYZER_NUMBER_OBJECT_CONVERSION = YES_AGGRESSIVE;
				CLANG_CXX_LANGUAGE_STANDARD = "gnu++14";
				CLANG_CXX_LIBRARY = "libc++";
				CLANG_ENABLE_MODULES = YES;
				CLANG_ENABLE_OBJC_ARC = YES;
				CLANG_ENABLE_OBJC_WEAK = YES;
				CLANG_WARN_BLOCK_CAPTURE_AUTORELEASING = YES;
				CLANG_WARN_BOOL_CONVERSION = YES;
				CLANG_WARN_COMMA = YES;
				CLANG_WARN_CONSTANT_CONVERSION = YES;
				CLANG_WARN_DEPRECATED_OBJC_IMPLEMENTATIONS = YES;
				CLANG_WARN_DIRECT_OBJC_ISA_USAGE = YES_ERROR;
				CLANG_WARN_DOCUMENTATION_COMMENTS = YES;
				CLANG_WARN_EMPTY_BODY = YES;
				CLANG_WARN_ENUM_CONVERSION = YES;
				CLANG_WARN_INFINITE_RECURSION = YES;
				CLANG_WARN_INT_CONVERSION = YES;
				CLANG_WARN_NON_LITERAL_NULL_CONVERSION = YES;
				CLANG_WARN_OBJC_IMPLICIT_RETAIN_SELF = YES;
				CLANG_WARN_OBJC_LITERAL_CONVERSION = YES;
				CLANG_WARN_OBJC_ROOT_CLASS = YES_ERROR;
				CLANG_WARN_QUOTED_INCLUDE_IN_FRAMEWORK_HEADER = YES;
				CLANG_WARN_RANGE_LOOP_ANALYSIS = YES;
				CLANG_WARN_STRICT_PROTOTYPES = YES;
				CLANG_WARN_SUSPICIOUS_MOVE = YES;
				CLANG_WARN_UNGUARDED_AVAILABILITY = YES_AGGRESSIVE;
				CLANG_WARN_UNREACHABLE_CODE = YES;
				CLANG_WARN__DUPLICATE_METHOD_MATCH = YES;
				CODE_SIGN_STYLE = Automatic;
				COPY_PHASE_STRIP = NO;
				CURRENT_PROJECT_VERSION = 1;
				DEBUG_INFORMATION_FORMAT = dwarf;
				ENABLE_STRICT_OBJC_MSGSEND = YES;
				ENABLE_TESTABILITY = YES;
				GCC_C_LANGUAGE_STANDARD = gnu11;
				GCC_DYNAMIC_NO_PIC = NO;
				GCC_NO_COMMON_BLOCKS = YES;
				GCC_OPTIMIZATION_LEVEL = 0;
				GCC_PREPROCESSOR_DEFINITIONS = (
					"$(inherited)",
					"DEBUG=1",
				);
				GCC_WARN_64_TO_32_BIT_CONVERSION = YES;
				GCC_WARN_ABOUT_RETURN_TYPE = YES_ERROR;
				GCC_WARN_UNDECLARED_SELECTOR = YES;
				GCC_WARN_UNINITIALIZED_AUTOS = YES_AGGRESSIVE;
				GCC_WARN_UNUSED_FUNCTION = YES;
				GCC_WARN_UNUSED_VARIABLE = YES;
				MACOSX_DEPLOYMENT_TARGET = 14.0;
				MARKETING_VERSION = 1.0.0;
				MTL_ENABLE_DEBUG_INFO = INCLUDE_SOURCE;
				MTL_FAST_MATH = YES;
				ONLY_ACTIVE_ARCH = YES;
				PRODUCT_NAME = "$(TARGET_NAME)";
				SDKROOT = macosx;
				SWIFT_ACTIVE_COMPILATION_CONDITIONS = DEBUG;
				SWIFT_OPTIMIZATION_LEVEL = "-Onone";
				SWIFT_VERSION = 5.0;
			};
			name = Debug;
		};
		DD8F13248922B46C35AF417B /* Debug */ = {
			isa = XCBuildConfiguration;
			baseConfigurationReference = 7D3A2BED6ACE7FE9C1BED51E /* Build.xcconfig */;
			buildSettings = {
				ASSETCATALOG_COMPILER_APPICON_NAME = AppIcon;
				CODE_SIGN_ENTITLEMENTS = Signal/Signal.entitlements;
				COMBINE_HIDPI_IMAGES = YES;
				ENABLE_HARDENED_RUNTIME = YES;
				GENERATE_INFOPLIST_FILE = YES;
				INFOPLIST_FILE = Signal/Info.plist;
				INFOPLIST_KEY_CFBundleDisplayName = Signal;
				INFOPLIST_KEY_ITSAppUsesNonExemptEncryption = NO;
				INFOPLIST_KEY_LSApplicationCategoryType = "public.app-category.productivity";
				INFOPLIST_KEY_LSUIElement = YES;
				INFOPLIST_KEY_NSHumanReadableCopyright = "";
				LD_RUNPATH_SEARCH_PATHS = (
					"$(inherited)",
					"@executable_path/../Frameworks",
				);
				PRODUCT_BUNDLE_IDENTIFIER = ski.brezin.signal;
				PRODUCT_NAME = Signal;
				SDKROOT = macosx;
			};
			name = Debug;
		};
/* End XCBuildConfiguration section */

/* Begin XCConfigurationList section */
		4294BC7AC0BF0C21034A213E /* Build configuration list for PBXProject "Signal" */ = {
			isa = XCConfigurationList;
			buildConfigurations = (
				95A097D8573A7D7E9271C349 /* Debug */,
				88E2E85CDDDA799F6B0B07E8 /* Release */,
			);
			defaultConfigurationIsVisible = 0;
			defaultConfigurationName = Debug;
		};
		D79D973A7FB99E3A44CF8227 /* Build configuration list for PBXNativeTarget "Signal" */ = {
			isa = XCConfigurationList;
			buildConfigurations = (
				DD8F13248922B46C35AF417B /* Debug */,
				2B3EDD5DC6EAA9B93F8C8376 /* Release */,
			);
			defaultConfigurationIsVisible = 0;
			defaultConfigurationName = Debug;
		};
/* End XCConfigurationList section */

/* Begin XCLocalSwiftPackageReference section */
		892239A6A90385B8CB507CC9 /* XCLocalSwiftPackageReference "LocalPackages/DynamicNotchKit" */ = {
			isa = XCLocalSwiftPackageReference;
			relativePath = LocalPackages/DynamicNotchKit;
		};
/* End XCLocalSwiftPackageReference section */

/* Begin XCRemoteSwiftPackageReference section */
		5088E218E817856B5D2EF0E6 /* XCRemoteSwiftPackageReference "SwiftSDK" */ = {
			isa = XCRemoteSwiftPackageReference;
			repositoryURL = "https://github.com/TelemetryDeck/SwiftSDK";
			requirement = {
				kind = upToNextMajorVersion;
				minimumVersion = 2.0.0;
			};
		};
		6E02714E8FCBF0EF1283A71D /* XCRemoteSwiftPackageReference "KeyboardShortcuts" */ = {
			isa = XCRemoteSwiftPackageReference;
			repositoryURL = "https://github.com/sindresorhus/KeyboardShortcuts";
			requirement = {
				kind = exactVersion;
				version = 1.10.0;
			};
		};
/* End XCRemoteSwiftPackageReference section */

/* Begin XCSwiftPackageProductDependency section */
		307A5F65741E0033246A3B2A /* KeyboardShortcuts */ = {
			isa = XCSwiftPackageProductDependency;
			package = 6E02714E8FCBF0EF1283A71D /* XCRemoteSwiftPackageReference "KeyboardShortcuts" */;
			productName = KeyboardShortcuts;
		};
		525E24A23AC8A26E90F43271 /* DynamicNotchKit */ = {
			isa = XCSwiftPackageProductDependency;
			productName = DynamicNotchKit;
		};
		7485CC3CC5D37982A205C704 /* TelemetryDeck */ = {
			isa = XCSwiftPackageProductDependency;
			package = 5088E218E817856B5D2EF0E6 /* XCRemoteSwiftPackageReference "SwiftSDK" */;
			productName = TelemetryDeck;
		};
/* End XCSwiftPackageProductDependency section */
	};
	rootObject = 5DCA908C16957564AA8C2B1A /* Project object */;
}
